<?xml version="1.0" encoding="utf-8"?>
<Project ToolsVersion="4.0" xmlns="http://schemas.microsoft.com/developer/msbuild/2003">
  <ItemGroup>
    <Filter Include="Source Files">
      <UniqueIdentifier>{4FC737F1-C7A5-4376-A066-2A32D752A2FF}</UniqueIdentifier>
      <Extensions>cpp;c;cc;cxx;def;odl;idl;hpj;bat;asm;asmx</Extensions>
    </Filter>
    <Filter Include="Header Files">
      <UniqueIdentifier>{93995380-89BD-4b04-88EB-625FBE52EBFB}</UniqueIdentifier>
      <Extensions>h;hh;hpp;hxx;hm;inl;inc;xsd</Extensions>
    </Filter>
    <Filter Include="Resource Files">
      <UniqueIdentifier>{67DA6AB6-F800-4c08-8B7A-83BB121AAD01}</UniqueIdentifier>
      <Extensions>rc;ico;cur;bmp;dlg;rc2;rct;bin;rgs;gif;jpg;jpeg;jpe;resx;tiff;tif;png;wav;mfcribbon-ms</Extensions>
    </Filter>
    <Filter Include="Source Files\game">
      <UniqueIdentifier>{6348e0f9-de10-4829-81f1-e8826e8eb473}</UniqueIdentifier>
    </Filter>
    <Filter Include="Source Files\hooks">
      <UniqueIdentifier>{8f628b0d-c895-4831-857e-f38b9fce7822}</UniqueIdentifier>
    </Filter>
    <Filter Include="Source Files\utils">
      <UniqueIdentifier>{527dd229-bc3f-498e-850a-39d735a1d887}</UniqueIdentifier>
    </Filter>
    <Filter Include="Source Files\game\SDK">
      <UniqueIdentifier>{c969cdaf-2f37-4196-8011-1e4ad1b99cc9}</UniqueIdentifier>
    </Filter>
    <Filter Include="Source Files\features">
      <UniqueIdentifier>{ab7f47aa-9c8e-4189-90f4-9c9a3ecf6067}</UniqueIdentifier>
    </Filter>
    <Filter Include="Source Files\features\extra">
      <UniqueIdentifier>{e98bfb8b-245e-4219-92b3-b6547005e705}</UniqueIdentifier>
    </Filter>
    <Filter Include="Source Files\hack">
      <UniqueIdentifier>{d0f94155-4439-4428-b3ee-f8b0337ae509}</UniqueIdentifier>
    </Filter>
    <Filter Include="Source Files\features\aim">
      <UniqueIdentifier>{83c8da6f-1399-4536-b599-03d0cf9453cf}</UniqueIdentifier>
    </Filter>
    <Filter Include="Source Files\game\renderer">
      <UniqueIdentifier>{2843e08b-b779-40e2-8fde-ef2a5d8301d3}</UniqueIdentifier>
    </Filter>
    <Filter Include="Source Files\features\visuals">
      <UniqueIdentifier>{8e41c6b8-0079-49d6-8b9a-a160885df543}</UniqueIdentifier>
    </Filter>
  </ItemGroup>
  <ItemGroup>
    <ClCompile Include="main.cpp">
      <Filter>Source Files</Filter>
    </ClCompile>
    <ClCompile Include="netvar.cpp">
      <Filter>Source Files\game</Filter>
    </ClCompile>
    <ClCompile Include="wndproc.cpp">
      <Filter>Source Files\hooks</Filter>
    </ClCompile>
    <ClCompile Include="precompiled.cpp">
      <Filter>Source Files</Filter>
    </ClCompile>
    <ClCompile Include="createmove.cpp">
      <Filter>Source Files\hooks</Filter>
    </ClCompile>
    <ClCompile Include="checksum.cpp">
      <Filter>Source Files\utils</Filter>
    </ClCompile>
    <ClCompile Include="movement.cpp">
      <Filter>Source Files\features\extra</Filter>
    </ClCompile>
    <ClCompile Include="prediction.cpp">
      <Filter>Source Files\features\extra</Filter>
    </ClCompile>
    <ClCompile Include="input.cpp">
      <Filter>Source Files\hack</Filter>
    </ClCompile>
    <ClCompile Include="settings.cpp">
      <Filter>Source Files\hack</Filter>
    </ClCompile>
    <ClCompile Include="aimbot.cpp">
      <Filter>Source Files\features\aim</Filter>
    </ClCompile>
    <ClCompile Include="accuracy.cpp">
      <Filter>Source Files\features\aim</Filter>
    </ClCompile>
    <ClCompile Include="renderer.cpp">
      <Filter>Source Files\game\renderer</Filter>
    </ClCompile>
    <ClCompile Include="scene_end.cpp">
      <Filter>Source Files\hooks</Filter>
    </ClCompile>
    <ClCompile Include="on_screen_size_changed.cpp">
      <Filter>Source Files\hooks</Filter>
    </ClCompile>
    <ClCompile Include="esp.cpp">
      <Filter>Source Files\features\visuals</Filter>
    </ClCompile>
    <ClCompile Include="frame_stage_notify.cpp">
      <Filter>Source Files\hooks</Filter>
    </ClCompile>
    <ClCompile Include="player.cpp">
      <Filter>Source Files\game</Filter>
    </ClCompile>
    <ClCompile Include="paint.cpp">
      <Filter>Source Files\hooks</Filter>
    </ClCompile>
    <ClCompile Include="speedhack.cpp">
      <Filter>Source Files\features\extra</Filter>
    </ClCompile>
    <ClCompile Include="gui.cpp">
      <Filter>Source Files\game\renderer</Filter>
    </ClCompile>
    <ClCompile Include="override_view.cpp">
      <Filter>Source Files\hooks</Filter>
    </ClCompile>
    <ClCompile Include="lock_cursor.cpp">
      <Filter>Source Files\hooks</Filter>
    </ClCompile>
    <ClCompile Include="fakelag.cpp">
      <Filter>Source Files\features\extra</Filter>
    </ClCompile>
  </ItemGroup>
  <ItemGroup>
    <ClInclude Include="context.h">
      <Filter>Source Files\game</Filter>
    </ClInclude>
    <ClInclude Include="l4d2.h">
      <Filter>Source Files\game</Filter>
    </ClInclude>
    <ClInclude Include="interfaces.h">
      <Filter>Source Files\game</Filter>
    </ClInclude>
    <ClInclude Include="netvar.h">
      <Filter>Source Files\game</Filter>
    </ClInclude>
    <ClInclude Include="hooks.h">
      <Filter>Source Files\hooks</Filter>
    </ClInclude>
    <ClInclude Include="erase.h">
      <Filter>Source Files\utils</Filter>
    </ClInclude>
    <ClInclude Include="hash.h">
      <Filter>Source Files\utils</Filter>
    </ClInclude>
    <ClInclude Include="math.h">
      <Filter>Source Files\utils</Filter>
    </ClInclude>
    <ClInclude Include="vector.h">
      <Filter>Source Files\utils</Filter>
    </ClInclude>
    <ClInclude Include="vmthook.h">
      <Filter>Source Files\utils</Filter>
    </ClInclude>
    <ClInclude Include="precompiled.h">
      <Filter>Source Files</Filter>
    </ClInclude>
    <ClInclude Include="dt_common.h">
      <Filter>Source Files\game\SDK</Filter>
    </ClInclude>
    <ClInclude Include="dt_recv.h">
      <Filter>Source Files\game\SDK</Filter>
    </ClInclude>
    <ClInclude Include="SDK.h">
      <Filter>Source Files\game\SDK</Filter>
    </ClInclude>
    <ClInclude Include="trace.h">
      <Filter>Source Files\game\SDK</Filter>
    </ClInclude>
    <ClInclude Include="enumeration.h">
      <Filter>Source Files\game\SDK</Filter>
    </ClInclude>
    <ClInclude Include="pattern.h">
      <Filter>Source Files\utils</Filter>
    </ClInclude>
    <ClInclude Include="player.h">
      <Filter>Source Files\game</Filter>
    </ClInclude>
    <ClInclude Include="checksum.h">
      <Filter>Source Files\utils</Filter>
    </ClInclude>
    <ClInclude Include="cheat.h">
      <Filter>Source Files\features</Filter>
    </ClInclude>
    <ClInclude Include="movement.h">
      <Filter>Source Files\features\extra</Filter>
    </ClInclude>
    <ClInclude Include="prediction.h">
      <Filter>Source Files\features\extra</Filter>
    </ClInclude>
    <ClInclude Include="input.h">
      <Filter>Source Files\hack</Filter>
    </ClInclude>
    <ClInclude Include="settings.h">
      <Filter>Source Files\hack</Filter>
    </ClInclude>
    <ClInclude Include="aimbot.h">
      <Filter>Source Files\features\aim</Filter>
    </ClInclude>
    <ClInclude Include="accuracy.h">
      <Filter>Source Files\features\aim</Filter>
    </ClInclude>
    <ClInclude Include="renderer.h">
      <Filter>Source Files\game\renderer</Filter>
    </ClInclude>
    <ClInclude Include="utils.h">
      <Filter>Source Files\utils</Filter>
    </ClInclude>
    <ClInclude Include="esp.h">
      <Filter>Source Files\features\visuals</Filter>
    </ClInclude>
    <ClInclude Include="speedhack.h">
      <Filter>Source Files\features\extra</Filter>
    </ClInclude>
    <ClInclude Include="menu.h">
      <Filter>Source Files\game\renderer</Filter>
    </ClInclude>
    <ClInclude Include="wrappers.h">
      <Filter>Source Files\game\renderer</Filter>
    </ClInclude>
    <ClInclude Include="string.h">
      <Filter>Source Files\utils</Filter>
    </ClInclude>
    <ClInclude Include="gui.h">
      <Filter>Source Files\game\renderer</Filter>
    </ClInclude>
    <ClInclude Include="fakelag.h">
      <Filter>Source Files\features\extra</Filter>
    </ClInclude>
  </ItemGroup>
</Project>